
Microsoft Visual Studio Solution File, Format Version 12.00
# Visual Studio Version 16
VisualStudioVersion = 16.0.30523.141
MinimumVisualStudioVersion = 10.0.40219.1
Project("{FAE04EC0-301F-11D3-BF4B-00C04F79EFBC}") = "WebApiMarket", "WebApiMarket\WebApiMarket.csproj", "{422B80E9-C890-4A4D-8E87-9F234271A9B2}"
EndProject
Global
	GlobalSection(SolutionConfigurationPlatforms) = preSolution
		Debug|Any CPU = Debug|Any CPU
		Release|Any CPU = Release|Any CPU
	EndGlobalSection
	GlobalSection(ProjectConfigurationPlatforms) = postSolution
		{422B80E9-C890-4A4D-8E87-9F234271A9B2}.Debug|Any CPU.ActiveCfg = Debug|Any CPU
		{422B80E9-C890-4A4D-8E87-9F234271A9B2}.Debug|Any CPU.Build.0 = Debug|Any CPU
		{422B80E9-C890-4A4D-8E87-9F234271A9B2}.Release|Any CPU.ActiveCfg = Release|Any CPU
		{422B80E9-C890-4A4D-8E87-9F234271A9B2}.Release|Any CPU.Build.0 = Release|Any CPU
	EndGlobalSection
	GlobalSection(SolutionProperties) = preSolution
		HideSolutionNode = FALSE
	EndGlobalSection
	GlobalSection(ExtensibilityGlobals) = postSolution
		SolutionGuid = {B0C94046-3706-41D5-A31F-22F187C0BFFA}
	EndGlobalSection
EndGlobal
